
Microsoft Visual Studio Solution File, Format Version 12.00
# Visual Studio Version 16
VisualStudioVersion = 16.0.31613.86
MinimumVisualStudioVersion = 10.0.40219.1
Project("{FAE04EC0-301F-11D3-BF4B-00C04F79EFBC}") = "clase0610", "clase0610\clase0610.csproj", "{3ABDB27A-A7AF-4D6E-99C4-C2A8675DADA1}"
EndProject
Global
	GlobalSection(SolutionConfigurationPlatforms) = preSolution
		Debug|Any CPU = Debug|Any CPU
		Release|Any CPU = Release|Any CPU
	EndGlobalSection
	GlobalSection(ProjectConfigurationPlatforms) = postSolution
		{3ABDB27A-A7AF-4D6E-99C4-C2A8675DADA1}.Debug|Any CPU.ActiveCfg = Debug|Any CPU
		{3ABDB27A-A7AF-4D6E-99C4-C2A8675DADA1}.Debug|Any CPU.Build.0 = Debug|Any CPU
		{3ABDB27A-A7AF-4D6E-99C4-C2A8675DADA1}.Release|Any CPU.ActiveCfg = Release|Any CPU
		{3ABDB27A-A7AF-4D6E-99C4-C2A8675DADA1}.Release|Any CPU.Build.0 = Release|Any CPU
	EndGlobalSection
	GlobalSection(SolutionProperties) = preSolution
		HideSolutionNode = FALSE
	EndGlobalSection
	GlobalSection(ExtensibilityGlobals) = postSolution
		SolutionGuid = {5EB7807C-8E0F-4E2D-B50D-50B153154091}
	EndGlobalSection
EndGlobal
